
Microsoft Visual Studio Solution File, Format Version 12.00
# Visual Studio Version 17
VisualStudioVersion = 17.2.32616.157
MinimumVisualStudioVersion = 10.0.40219.1
Project("{FAE04EC0-301F-11D3-BF4B-00C04F79EFBC}") = "AppTodo", "AppTodo.csproj", "{F7F9ED01-CAA5-48FA-9D0C-63594C303D2B}"
EndProject
Global
	GlobalSection(SolutionConfigurationPlatforms) = preSolution
		Debug|Any CPU = Debug|Any CPU
		Release|Any CPU = Release|Any CPU
	EndGlobalSection
	GlobalSection(ProjectConfigurationPlatforms) = postSolution
		{F7F9ED01-CAA5-48FA-9D0C-63594C303D2B}.Debug|Any CPU.ActiveCfg = Debug|Any CPU
		{F7F9ED01-CAA5-48FA-9D0C-63594C303D2B}.Debug|Any CPU.Build.0 = Debug|Any CPU
		{F7F9ED01-CAA5-48FA-9D0C-63594C303D2B}.Release|Any CPU.ActiveCfg = Release|Any CPU
		{F7F9ED01-CAA5-48FA-9D0C-63594C303D2B}.Release|Any CPU.Build.0 = Release|Any CPU
	EndGlobalSection
	GlobalSection(SolutionProperties) = preSolution
		HideSolutionNode = FALSE
	EndGlobalSection
	GlobalSection(ExtensibilityGlobals) = postSolution
		SolutionGuid = {A0C6266E-04B5-46C6-ACB7-A5BA251EFD56}
	EndGlobalSection
EndGlobal
